
Microsoft Visual Studio Solution File, Format Version 12.00
# Visual Studio Version 16
VisualStudioVersion = 16.0.31729.503
MinimumVisualStudioVersion = 10.0.40219.1
Project("{FAE04EC0-301F-11D3-BF4B-00C04F79EFBC}") = "Bilgi_Yarismasi", "Bilgi_Yarismasi\Bilgi_Yarismasi.csproj", "{B7D0F8CD-765B-405E-AC61-7D5E72F1FAED}"
EndProject
Global
	GlobalSection(SolutionConfigurationPlatforms) = preSolution
		Debug|Any CPU = Debug|Any CPU
		Release|Any CPU = Release|Any CPU
	EndGlobalSection
	GlobalSection(ProjectConfigurationPlatforms) = postSolution
		{B7D0F8CD-765B-405E-AC61-7D5E72F1FAED}.Debug|Any CPU.ActiveCfg = Debug|Any CPU
		{B7D0F8CD-765B-405E-AC61-7D5E72F1FAED}.Debug|Any CPU.Build.0 = Debug|Any CPU
		{B7D0F8CD-765B-405E-AC61-7D5E72F1FAED}.Release|Any CPU.ActiveCfg = Release|Any CPU
		{B7D0F8CD-765B-405E-AC61-7D5E72F1FAED}.Release|Any CPU.Build.0 = Release|Any CPU
	EndGlobalSection
	GlobalSection(SolutionProperties) = preSolution
		HideSolutionNode = FALSE
	EndGlobalSection
	GlobalSection(ExtensibilityGlobals) = postSolution
		SolutionGuid = {3ED6BAF9-BA15-455D-B889-42D06B8F4F7D}
	EndGlobalSection
EndGlobal
